
Microsoft Visual Studio Solution File, Format Version 12.00
# Visual Studio Version 17
VisualStudioVersion = 17.2.32519.379
MinimumVisualStudioVersion = 10.0.40219.1
Project("{FAE04EC0-301F-11D3-BF4B-00C04F79EFBC}") = "Check_Same_Case", "Check_Same_Case\Check_Same_Case.csproj", "{6553220D-CCF3-4B59-B776-D71B4C4DED8B}"
EndProject
Global
	GlobalSection(SolutionConfigurationPlatforms) = preSolution
		Debug|Any CPU = Debug|Any CPU
		Release|Any CPU = Release|Any CPU
	EndGlobalSection
	GlobalSection(ProjectConfigurationPlatforms) = postSolution
		{6553220D-CCF3-4B59-B776-D71B4C4DED8B}.Debug|Any CPU.ActiveCfg = Debug|Any CPU
		{6553220D-CCF3-4B59-B776-D71B4C4DED8B}.Debug|Any CPU.Build.0 = Debug|Any CPU
		{6553220D-CCF3-4B59-B776-D71B4C4DED8B}.Release|Any CPU.ActiveCfg = Release|Any CPU
		{6553220D-CCF3-4B59-B776-D71B4C4DED8B}.Release|Any CPU.Build.0 = Release|Any CPU
	EndGlobalSection
	GlobalSection(SolutionProperties) = preSolution
		HideSolutionNode = FALSE
	EndGlobalSection
	GlobalSection(ExtensibilityGlobals) = postSolution
		SolutionGuid = {7C8E2B4E-C327-4BCA-A596-3C5EB2B4DE49}
	EndGlobalSection
EndGlobal
